
Microsoft Visual Studio Solution File, Format Version 11.00
# Visual Studio 2010
Project("{FAE04EC0-301F-11D3-BF4B-00C04F79EFBC}") = "flappy-f2p", "Assembly-CSharp.csproj", "{C25D190F-00F7-6D87-A514-4C752E8FA986}"
EndProject
Global
	GlobalSection(SolutionConfigurationPlatforms) = preSolution
		Debug|Any CPU = Debug|Any CPU
		Release|Any CPU = Release|Any CPU
	EndGlobalSection
	GlobalSection(ProjectConfigurationPlatforms) = postSolution
		{C25D190F-00F7-6D87-A514-4C752E8FA986}.Debug|Any CPU.ActiveCfg = Debug|Any CPU
		{C25D190F-00F7-6D87-A514-4C752E8FA986}.Debug|Any CPU.Build.0 = Debug|Any CPU
		{C25D190F-00F7-6D87-A514-4C752E8FA986}.Release|Any CPU.ActiveCfg = Release|Any CPU
		{C25D190F-00F7-6D87-A514-4C752E8FA986}.Release|Any CPU.Build.0 = Release|Any CPU
	EndGlobalSection
	GlobalSection(SolutionProperties) = preSolution
		HideSolutionNode = FALSE
	EndGlobalSection
	GlobalSection(MonoDevelopProperties) = preSolution
		StartupItem = Assembly-CSharp.csproj
	EndGlobalSection
EndGlobal
